
Microsoft Visual Studio Solution File, Format Version 12.00
# Visual Studio 2012
Project("{FAE04EC0-301F-11D3-BF4B-00C04F79EFBC}") = "Bench Processor", "BenchProcessor\Bench Processor.csproj", "{6A3DB072-FDB2-439D-9833-050A9AA31CA1}"
EndProject
Project("{FAE04EC0-301F-11D3-BF4B-00C04F79EFBC}") = "Distrubute Jobs", "Distrubute Jobs\Distrubute Jobs.csproj", "{4AEB1DAA-8A40-4C8C-A4A7-1D9A885FE63C}"
EndProject
Global
	GlobalSection(SolutionConfigurationPlatforms) = preSolution
		Debug|Any CPU = Debug|Any CPU
		Release|Any CPU = Release|Any CPU
	EndGlobalSection
	GlobalSection(ProjectConfigurationPlatforms) = postSolution
		{6A3DB072-FDB2-439D-9833-050A9AA31CA1}.Debug|Any CPU.ActiveCfg = Debug|Any CPU
		{6A3DB072-FDB2-439D-9833-050A9AA31CA1}.Debug|Any CPU.Build.0 = Debug|Any CPU
		{6A3DB072-FDB2-439D-9833-050A9AA31CA1}.Release|Any CPU.ActiveCfg = Release|Any CPU
		{6A3DB072-FDB2-439D-9833-050A9AA31CA1}.Release|Any CPU.Build.0 = Release|Any CPU
		{4AEB1DAA-8A40-4C8C-A4A7-1D9A885FE63C}.Debug|Any CPU.ActiveCfg = Debug|Any CPU
		{4AEB1DAA-8A40-4C8C-A4A7-1D9A885FE63C}.Debug|Any CPU.Build.0 = Debug|Any CPU
		{4AEB1DAA-8A40-4C8C-A4A7-1D9A885FE63C}.Release|Any CPU.ActiveCfg = Release|Any CPU
		{4AEB1DAA-8A40-4C8C-A4A7-1D9A885FE63C}.Release|Any CPU.Build.0 = Release|Any CPU
	EndGlobalSection
	GlobalSection(SolutionProperties) = preSolution
		HideSolutionNode = FALSE
	EndGlobalSection
	GlobalSection(ExtensibilityGlobals) = postSolution
		VisualSVNWorkingCopyRoot = .
	EndGlobalSection
EndGlobal
